{
  "name": "playground",
  "version": "1.0.0",
  "lockfileVersion": 1,
  "requires": true,
  "dependencies": {
    "ml-distance-euclidean": {
      "version": "1.0.0",
      "resolved": "https://registry.npmjs.org/ml-distance-euclidean/-/ml-distance-euclidean-1.0.0.tgz",
      "integrity": "sha1-CER8IjNkGisqm0wp5feS0o8dW5U="
    },
    "ml-knn": {
      "version": "2.1.3",
      "resolved": "https://registry.npmjs.org/ml-knn/-/ml-knn-2.1.3.tgz",
      "integrity": "sha512-0uLgoMtrm8AvT1T7gfxK4vBZwRbVOfIrj5pv+q4Yltpr6oiCpVB6DIKomZ5vlJwjQsq6pkHUF+qHXcUCuk/QWQ==",
      "requires": {
        "ml-distance-euclidean": "1.0.0"
      }
    }
  }
}
